
Microsoft Visual Studio Solution File, Format Version 11.00
# Visual Studio 2010
Project("{FAE04EC0-301F-11D3-BF4B-00C04F79EFBC}") = "FlexCellDemo", "FlexCellDemo\FlexCellDemo.csproj", "{9A474E20-98C2-40E5-8971-D2D459ECC4B6}"
EndProject
Global
	GlobalSection(SolutionConfigurationPlatforms) = preSolution
		Debug|iPhoneSimulator = Debug|iPhoneSimulator
		Release|iPhoneSimulator = Release|iPhoneSimulator
		Debug|iPhone = Debug|iPhone
		Release|iPhone = Release|iPhone
		Ad-Hoc|iPhone = Ad-Hoc|iPhone
		AppStore|iPhone = AppStore|iPhone
	EndGlobalSection
	GlobalSection(ProjectConfigurationPlatforms) = postSolution
		{9A474E20-98C2-40E5-8971-D2D459ECC4B6}.Ad-Hoc|iPhone.ActiveCfg = Ad-Hoc|iPhone
		{9A474E20-98C2-40E5-8971-D2D459ECC4B6}.Ad-Hoc|iPhone.Build.0 = Ad-Hoc|iPhone
		{9A474E20-98C2-40E5-8971-D2D459ECC4B6}.AppStore|iPhone.ActiveCfg = AppStore|iPhone
		{9A474E20-98C2-40E5-8971-D2D459ECC4B6}.AppStore|iPhone.Build.0 = AppStore|iPhone
		{9A474E20-98C2-40E5-8971-D2D459ECC4B6}.Debug|iPhone.ActiveCfg = Debug|iPhone
		{9A474E20-98C2-40E5-8971-D2D459ECC4B6}.Debug|iPhone.Build.0 = Debug|iPhone
		{9A474E20-98C2-40E5-8971-D2D459ECC4B6}.Debug|iPhoneSimulator.ActiveCfg = Debug|iPhoneSimulator
		{9A474E20-98C2-40E5-8971-D2D459ECC4B6}.Debug|iPhoneSimulator.Build.0 = Debug|iPhoneSimulator
		{9A474E20-98C2-40E5-8971-D2D459ECC4B6}.Release|iPhone.ActiveCfg = Release|iPhone
		{9A474E20-98C2-40E5-8971-D2D459ECC4B6}.Release|iPhone.Build.0 = Release|iPhone
		{9A474E20-98C2-40E5-8971-D2D459ECC4B6}.Release|iPhoneSimulator.ActiveCfg = Release|iPhoneSimulator
		{9A474E20-98C2-40E5-8971-D2D459ECC4B6}.Release|iPhoneSimulator.Build.0 = Release|iPhoneSimulator
	EndGlobalSection
	GlobalSection(MonoDevelopProperties) = preSolution
		StartupItem = FlexCellDemo\FlexCellDemo.csproj
	EndGlobalSection
EndGlobal
